
Microsoft Visual Studio Solution File, Format Version 12.00
# Visual Studio Version 17
VisualStudioVersion = 17.2.32505.173
MinimumVisualStudioVersion = 10.0.40219.1
Project("{8BC9CEB8-8B4A-11D0-8D11-00A0C91BC942}") = "WASimModule", "WASimModule\WASimModule.vcxproj", "{A5468B35-BBBD-4C55-97ED-81BFE343B0E4}"
EndProject
Project("{8BC9CEB8-8B4A-11D0-8D11-00A0C91BC942}") = "WASimClient", "WASimClient\WASimClient.vcxproj", "{639093FF-FD94-4E89-92AC-C6FABE5DF664}"
EndProject
Project("{8BC9CEB8-8B4A-11D0-8D11-00A0C91BC942}") = "WASimUI", "WASimUI\WASimUI.vcxproj", "{E9AD8656-009B-4A6A-832B-0D19DE288BFC}"
	ProjectSection(ProjectDependencies) = postProject
		{639093FF-FD94-4E89-92AC-C6FABE5DF664} = {639093FF-FD94-4E89-92AC-C6FABE5DF664}
	EndProjectSection
EndProject
Project("{2150E333-8FDC-42A3-9474-1A3956D46DE8}") = "include", "include", "{7419AC0A-8375-4271-A7D7-0E36309C40A3}"
	ProjectSection(SolutionItems) = preProject
		include\enums.h = include\enums.h
		include\enums_impl.h = include\enums_impl.h
		include\global.h = include\global.h
		include\WASimCommander.h = include\WASimCommander.h
		include\wasim_version.h = include\wasim_version.h
	EndProjectSection
EndProject
Project("{2150E333-8FDC-42A3-9474-1A3956D46DE8}") = "client", "client", "{0BFE8311-11B1-49DE-98C9-3C1F6218AE11}"
	ProjectSection(SolutionItems) = preProject
		include\client\enums.h = include\client\enums.h
		include\client\enums_impl.h = include\client\enums_impl.h
		include\client\exports.h = include\client\exports.h
		include\client\WASimClient.h = include\client\WASimClient.h
	EndProjectSection
EndProject
Project("{2150E333-8FDC-42A3-9474-1A3956D46DE8}") = "private", "private", "{65FBCFE4-F383-4031-BF85-2D33E978AFA0}"
EndProject
Project("{2150E333-8FDC-42A3-9474-1A3956D46DE8}") = "private", "private", "{BF3D1F07-C7B7-466E-B38F-4D504795FB89}"
EndProject
Project("{8BC9CEB8-8B4A-11D0-8D11-00A0C91BC942}") = "WASimClient_CLI", "WASimClient_CLI\WASimClient_CLI.vcxproj", "{DAF5B792-C4E6-4E54-9CBF-0A0335E80306}"
EndProject
Project("{2150E333-8FDC-42A3-9474-1A3956D46DE8}") = "Testing", "Testing", "{845BFBCA-6E0D-4938-AA53-BE186FFDEA50}"
EndProject
Project("{9A19103F-16F7-4668-BE54-9A1E7A4F7556}") = "CS_BasicConsole", "Testing\CS_BasicConsole\CS_BasicConsole.csproj", "{5B7D7234-D6C8-4D1F-B135-C5297D6476D8}"
EndProject
Project("{2150E333-8FDC-42A3-9474-1A3956D46DE8}") = "shared", "shared", "{397C8977-AEB9-4A40-A8AE-392CEF05C289}"
	ProjectSection(SolutionItems) = preProject
		shared\inipp.h = shared\inipp.h
		shared\logfault.h = shared\logfault.h
		shared\SimConnectHelper.cpp = shared\SimConnectHelper.cpp
		shared\SimConnectHelper.h = shared\SimConnectHelper.h
		shared\SimConnectRequestTracker.h = shared\SimConnectRequestTracker.h
		shared\utilities.h = shared\utilities.h
	EndProjectSection
EndProject
Global
	GlobalSection(SolutionConfigurationPlatforms) = preSolution
		Debug|Any CPU = Debug|Any CPU
		Debug|MSFS = Debug|MSFS
		Debug|x64 = Debug|x64
		Debug|x86 = Debug|x86
		Debug-DLL|Any CPU = Debug-DLL|Any CPU
		Debug-DLL|MSFS = Debug-DLL|MSFS
		Debug-DLL|x64 = Debug-DLL|x64
		Debug-DLL|x86 = Debug-DLL|x86
		Release|Any CPU = Release|Any CPU
		Release|MSFS = Release|MSFS
		Release|x64 = Release|x64
		Release|x86 = Release|x86
		Release-DLL|Any CPU = Release-DLL|Any CPU
		Release-DLL|MSFS = Release-DLL|MSFS
		Release-DLL|x64 = Release-DLL|x64
		Release-DLL|x86 = Release-DLL|x86
	EndGlobalSection
	GlobalSection(ProjectConfigurationPlatforms) = postSolution
		{A5468B35-BBBD-4C55-97ED-81BFE343B0E4}.Debug|Any CPU.ActiveCfg = Debug|MSFS
		{A5468B35-BBBD-4C55-97ED-81BFE343B0E4}.Debug|Any CPU.Build.0 = Debug|MSFS
		{A5468B35-BBBD-4C55-97ED-81BFE343B0E4}.Debug|MSFS.ActiveCfg = Debug|MSFS
		{A5468B35-BBBD-4C55-97ED-81BFE343B0E4}.Debug|MSFS.Build.0 = Debug|MSFS
		{A5468B35-BBBD-4C55-97ED-81BFE343B0E4}.Debug|x64.ActiveCfg = Debug|MSFS
		{A5468B35-BBBD-4C55-97ED-81BFE343B0E4}.Debug|x86.ActiveCfg = Debug|MSFS
		{A5468B35-BBBD-4C55-97ED-81BFE343B0E4}.Debug|x86.Build.0 = Debug|MSFS
		{A5468B35-BBBD-4C55-97ED-81BFE343B0E4}.Debug-DLL|Any CPU.ActiveCfg = Release|MSFS
		{A5468B35-BBBD-4C55-97ED-81BFE343B0E4}.Debug-DLL|Any CPU.Build.0 = Release|MSFS
		{A5468B35-BBBD-4C55-97ED-81BFE343B0E4}.Debug-DLL|MSFS.ActiveCfg = Debug|MSFS
		{A5468B35-BBBD-4C55-97ED-81BFE343B0E4}.Debug-DLL|MSFS.Build.0 = Debug|MSFS
		{A5468B35-BBBD-4C55-97ED-81BFE343B0E4}.Debug-DLL|x64.ActiveCfg = Debug|MSFS
		{A5468B35-BBBD-4C55-97ED-81BFE343B0E4}.Debug-DLL|x86.ActiveCfg = Release|MSFS
		{A5468B35-BBBD-4C55-97ED-81BFE343B0E4}.Debug-DLL|x86.Build.0 = Release|MSFS
		{A5468B35-BBBD-4C55-97ED-81BFE343B0E4}.Release|Any CPU.ActiveCfg = Release|MSFS
		{A5468B35-BBBD-4C55-97ED-81BFE343B0E4}.Release|Any CPU.Build.0 = Release|MSFS
		{A5468B35-BBBD-4C55-97ED-81BFE343B0E4}.Release|MSFS.ActiveCfg = Debug|MSFS
		{A5468B35-BBBD-4C55-97ED-81BFE343B0E4}.Release|MSFS.Build.0 = Debug|MSFS
		{A5468B35-BBBD-4C55-97ED-81BFE343B0E4}.Release|x64.ActiveCfg = Release|MSFS
		{A5468B35-BBBD-4C55-97ED-81BFE343B0E4}.Release|x64.Build.0 = Release|MSFS
		{A5468B35-BBBD-4C55-97ED-81BFE343B0E4}.Release|x86.ActiveCfg = Release|MSFS
		{A5468B35-BBBD-4C55-97ED-81BFE343B0E4}.Release|x86.Build.0 = Release|MSFS
		{A5468B35-BBBD-4C55-97ED-81BFE343B0E4}.Release-DLL|Any CPU.ActiveCfg = Release|MSFS
		{A5468B35-BBBD-4C55-97ED-81BFE343B0E4}.Release-DLL|Any CPU.Build.0 = Release|MSFS
		{A5468B35-BBBD-4C55-97ED-81BFE343B0E4}.Release-DLL|MSFS.ActiveCfg = Debug|MSFS
		{A5468B35-BBBD-4C55-97ED-81BFE343B0E4}.Release-DLL|MSFS.Build.0 = Debug|MSFS
		{A5468B35-BBBD-4C55-97ED-81BFE343B0E4}.Release-DLL|x64.ActiveCfg = Release|MSFS
		{A5468B35-BBBD-4C55-97ED-81BFE343B0E4}.Release-DLL|x86.ActiveCfg = Release|MSFS
		{A5468B35-BBBD-4C55-97ED-81BFE343B0E4}.Release-DLL|x86.Build.0 = Release|MSFS
		{639093FF-FD94-4E89-92AC-C6FABE5DF664}.Debug|Any CPU.ActiveCfg = Debug|x64
		{639093FF-FD94-4E89-92AC-C6FABE5DF664}.Debug|Any CPU.Build.0 = Debug|x64
		{639093FF-FD94-4E89-92AC-C6FABE5DF664}.Debug|MSFS.ActiveCfg = Debug|x64
		{639093FF-FD94-4E89-92AC-C6FABE5DF664}.Debug|x64.ActiveCfg = Debug|x64
		{639093FF-FD94-4E89-92AC-C6FABE5DF664}.Debug|x64.Build.0 = Debug|x64
		{639093FF-FD94-4E89-92AC-C6FABE5DF664}.Debug|x86.ActiveCfg = Debug|x64
		{639093FF-FD94-4E89-92AC-C6FABE5DF664}.Debug|x86.Build.0 = Debug|x64
		{639093FF-FD94-4E89-92AC-C6FABE5DF664}.Debug-DLL|Any CPU.ActiveCfg = Release-DLL|x64
		{639093FF-FD94-4E89-92AC-C6FABE5DF664}.Debug-DLL|Any CPU.Build.0 = Release-DLL|x64
		{639093FF-FD94-4E89-92AC-C6FABE5DF664}.Debug-DLL|MSFS.ActiveCfg = Release|x64
		{639093FF-FD94-4E89-92AC-C6FABE5DF664}.Debug-DLL|x64.ActiveCfg = Debug-DLL|x64
		{639093FF-FD94-4E89-92AC-C6FABE5DF664}.Debug-DLL|x64.Build.0 = Debug-DLL|x64
		{639093FF-FD94-4E89-92AC-C6FABE5DF664}.Debug-DLL|x86.ActiveCfg = Release-DLL|x64
		{639093FF-FD94-4E89-92AC-C6FABE5DF664}.Debug-DLL|x86.Build.0 = Release-DLL|x64
		{639093FF-FD94-4E89-92AC-C6FABE5DF664}.Release|Any CPU.ActiveCfg = Release|x64
		{639093FF-FD94-4E89-92AC-C6FABE5DF664}.Release|Any CPU.Build.0 = Release|x64
		{639093FF-FD94-4E89-92AC-C6FABE5DF664}.Release|MSFS.ActiveCfg = Release|x64
		{639093FF-FD94-4E89-92AC-C6FABE5DF664}.Release|x64.ActiveCfg = Release|x64
		{639093FF-FD94-4E89-92AC-C6FABE5DF664}.Release|x64.Build.0 = Release|x64
		{639093FF-FD94-4E89-92AC-C6FABE5DF664}.Release|x86.ActiveCfg = Release|x64
		{639093FF-FD94-4E89-92AC-C6FABE5DF664}.Release|x86.Build.0 = Release|x64
		{639093FF-FD94-4E89-92AC-C6FABE5DF664}.Release-DLL|Any CPU.ActiveCfg = Release-DLL|x64
		{639093FF-FD94-4E89-92AC-C6FABE5DF664}.Release-DLL|Any CPU.Build.0 = Release-DLL|x64
		{639093FF-FD94-4E89-92AC-C6FABE5DF664}.Release-DLL|MSFS.ActiveCfg = Release|x64
		{639093FF-FD94-4E89-92AC-C6FABE5DF664}.Release-DLL|x64.ActiveCfg = Release-DLL|x64
		{639093FF-FD94-4E89-92AC-C6FABE5DF664}.Release-DLL|x64.Build.0 = Release-DLL|x64
		{639093FF-FD94-4E89-92AC-C6FABE5DF664}.Release-DLL|x86.ActiveCfg = Release-DLL|x64
		{639093FF-FD94-4E89-92AC-C6FABE5DF664}.Release-DLL|x86.Build.0 = Release-DLL|x64
		{E9AD8656-009B-4A6A-832B-0D19DE288BFC}.Debug|Any CPU.ActiveCfg = Debug|x64
		{E9AD8656-009B-4A6A-832B-0D19DE288BFC}.Debug|Any CPU.Build.0 = Debug|x64
		{E9AD8656-009B-4A6A-832B-0D19DE288BFC}.Debug|MSFS.ActiveCfg = Debug|x64
		{E9AD8656-009B-4A6A-832B-0D19DE288BFC}.Debug|x64.ActiveCfg = Debug|x64
		{E9AD8656-009B-4A6A-832B-0D19DE288BFC}.Debug|x86.ActiveCfg = Debug|x64
		{E9AD8656-009B-4A6A-832B-0D19DE288BFC}.Debug|x86.Build.0 = Debug|x64
		{E9AD8656-009B-4A6A-832B-0D19DE288BFC}.Debug-DLL|Any CPU.ActiveCfg = Release-DLL|x64
		{E9AD8656-009B-4A6A-832B-0D19DE288BFC}.Debug-DLL|Any CPU.Build.0 = Release-DLL|x64
		{E9AD8656-009B-4A6A-832B-0D19DE288BFC}.Debug-DLL|MSFS.ActiveCfg = Release|x64
		{E9AD8656-009B-4A6A-832B-0D19DE288BFC}.Debug-DLL|x64.ActiveCfg = Debug-DLL|x64
		{E9AD8656-009B-4A6A-832B-0D19DE288BFC}.Debug-DLL|x86.ActiveCfg = Release-DLL|x64
		{E9AD8656-009B-4A6A-832B-0D19DE288BFC}.Debug-DLL|x86.Build.0 = Release-DLL|x64
		{E9AD8656-009B-4A6A-832B-0D19DE288BFC}.Release|Any CPU.ActiveCfg = Release|x64
		{E9AD8656-009B-4A6A-832B-0D19DE288BFC}.Release|Any CPU.Build.0 = Release|x64
		{E9AD8656-009B-4A6A-832B-0D19DE288BFC}.Release|MSFS.ActiveCfg = Release|x64
		{E9AD8656-009B-4A6A-832B-0D19DE288BFC}.Release|x64.ActiveCfg = Release|x64
		{E9AD8656-009B-4A6A-832B-0D19DE288BFC}.Release|x64.Build.0 = Release|x64
		{E9AD8656-009B-4A6A-832B-0D19DE288BFC}.Release|x86.ActiveCfg = Release|x64
		{E9AD8656-009B-4A6A-832B-0D19DE288BFC}.Release|x86.Build.0 = Release|x64
		{E9AD8656-009B-4A6A-832B-0D19DE288BFC}.Release-DLL|Any CPU.ActiveCfg = Release-DLL|x64
		{E9AD8656-009B-4A6A-832B-0D19DE288BFC}.Release-DLL|Any CPU.Build.0 = Release-DLL|x64
		{E9AD8656-009B-4A6A-832B-0D19DE288BFC}.Release-DLL|MSFS.ActiveCfg = Release|x64
		{E9AD8656-009B-4A6A-832B-0D19DE288BFC}.Release-DLL|x64.ActiveCfg = Release-DLL|x64
		{E9AD8656-009B-4A6A-832B-0D19DE288BFC}.Release-DLL|x86.ActiveCfg = Release-DLL|x64
		{E9AD8656-009B-4A6A-832B-0D19DE288BFC}.Release-DLL|x86.Build.0 = Release-DLL|x64
		{DAF5B792-C4E6-4E54-9CBF-0A0335E80306}.Debug|Any CPU.ActiveCfg = Debug|x64
		{DAF5B792-C4E6-4E54-9CBF-0A0335E80306}.Debug|Any CPU.Build.0 = Debug|x64
		{DAF5B792-C4E6-4E54-9CBF-0A0335E80306}.Debug|MSFS.ActiveCfg = Debug|x64
		{DAF5B792-C4E6-4E54-9CBF-0A0335E80306}.Debug|MSFS.Build.0 = Debug|x64
		{DAF5B792-C4E6-4E54-9CBF-0A0335E80306}.Debug|x64.ActiveCfg = Debug|x64
		{DAF5B792-C4E6-4E54-9CBF-0A0335E80306}.Debug|x64.Build.0 = Debug|x64
		{DAF5B792-C4E6-4E54-9CBF-0A0335E80306}.Debug|x86.ActiveCfg = Debug|x64
		{DAF5B792-C4E6-4E54-9CBF-0A0335E80306}.Debug-DLL|Any CPU.ActiveCfg = Release|x64
		{DAF5B792-C4E6-4E54-9CBF-0A0335E80306}.Debug-DLL|Any CPU.Build.0 = Release|x64
		{DAF5B792-C4E6-4E54-9CBF-0A0335E80306}.Debug-DLL|MSFS.ActiveCfg = Release|x64
		{DAF5B792-C4E6-4E54-9CBF-0A0335E80306}.Debug-DLL|MSFS.Build.0 = Release|x64
		{DAF5B792-C4E6-4E54-9CBF-0A0335E80306}.Debug-DLL|x64.ActiveCfg = Debug|x64
		{DAF5B792-C4E6-4E54-9CBF-0A0335E80306}.Debug-DLL|x86.ActiveCfg = Release|x64
		{DAF5B792-C4E6-4E54-9CBF-0A0335E80306}.Release|Any CPU.ActiveCfg = Release|x64
		{DAF5B792-C4E6-4E54-9CBF-0A0335E80306}.Release|Any CPU.Build.0 = Release|x64
		{DAF5B792-C4E6-4E54-9CBF-0A0335E80306}.Release|MSFS.ActiveCfg = Release|x64
		{DAF5B792-C4E6-4E54-9CBF-0A0335E80306}.Release|MSFS.Build.0 = Release|x64
		{DAF5B792-C4E6-4E54-9CBF-0A0335E80306}.Release|x64.ActiveCfg = Release|x64
		{DAF5B792-C4E6-4E54-9CBF-0A0335E80306}.Release|x64.Build.0 = Release|x64
		{DAF5B792-C4E6-4E54-9CBF-0A0335E80306}.Release|x86.ActiveCfg = Release|x64
		{DAF5B792-C4E6-4E54-9CBF-0A0335E80306}.Release-DLL|Any CPU.ActiveCfg = Release|x64
		{DAF5B792-C4E6-4E54-9CBF-0A0335E80306}.Release-DLL|Any CPU.Build.0 = Release|x64
		{DAF5B792-C4E6-4E54-9CBF-0A0335E80306}.Release-DLL|MSFS.ActiveCfg = Release|x64
		{DAF5B792-C4E6-4E54-9CBF-0A0335E80306}.Release-DLL|MSFS.Build.0 = Release|x64
		{DAF5B792-C4E6-4E54-9CBF-0A0335E80306}.Release-DLL|x64.ActiveCfg = Release|x64
		{DAF5B792-C4E6-4E54-9CBF-0A0335E80306}.Release-DLL|x86.ActiveCfg = Release|x64
		{5B7D7234-D6C8-4D1F-B135-C5297D6476D8}.Debug|Any CPU.ActiveCfg = Debug|x64
		{5B7D7234-D6C8-4D1F-B135-C5297D6476D8}.Debug|MSFS.ActiveCfg = Debug|x64
		{5B7D7234-D6C8-4D1F-B135-C5297D6476D8}.Debug|x64.ActiveCfg = Debug|x64
		{5B7D7234-D6C8-4D1F-B135-C5297D6476D8}.Debug|x86.ActiveCfg = Debug|x64
		{5B7D7234-D6C8-4D1F-B135-C5297D6476D8}.Debug-DLL|Any CPU.ActiveCfg = Release|x64
		{5B7D7234-D6C8-4D1F-B135-C5297D6476D8}.Debug-DLL|MSFS.ActiveCfg = Release|x64
		{5B7D7234-D6C8-4D1F-B135-C5297D6476D8}.Debug-DLL|x64.ActiveCfg = Debug|x64
		{5B7D7234-D6C8-4D1F-B135-C5297D6476D8}.Debug-DLL|x86.ActiveCfg = Release|x64
		{5B7D7234-D6C8-4D1F-B135-C5297D6476D8}.Release|Any CPU.ActiveCfg = Release|x64
		{5B7D7234-D6C8-4D1F-B135-C5297D6476D8}.Release|MSFS.ActiveCfg = Release|x64
		{5B7D7234-D6C8-4D1F-B135-C5297D6476D8}.Release|x64.ActiveCfg = Release|x64
		{5B7D7234-D6C8-4D1F-B135-C5297D6476D8}.Release|x64.Build.0 = Release|x64
		{5B7D7234-D6C8-4D1F-B135-C5297D6476D8}.Release|x86.ActiveCfg = Release|x64
		{5B7D7234-D6C8-4D1F-B135-C5297D6476D8}.Release-DLL|Any CPU.ActiveCfg = Release|x64
		{5B7D7234-D6C8-4D1F-B135-C5297D6476D8}.Release-DLL|MSFS.ActiveCfg = Release|x64
		{5B7D7234-D6C8-4D1F-B135-C5297D6476D8}.Release-DLL|x64.ActiveCfg = Release|x64
		{5B7D7234-D6C8-4D1F-B135-C5297D6476D8}.Release-DLL|x86.ActiveCfg = Release|x64
	EndGlobalSection
	GlobalSection(SolutionProperties) = preSolution
		HideSolutionNode = FALSE
	EndGlobalSection
	GlobalSection(NestedProjects) = preSolution
		{0BFE8311-11B1-49DE-98C9-3C1F6218AE11} = {7419AC0A-8375-4271-A7D7-0E36309C40A3}
		{65FBCFE4-F383-4031-BF85-2D33E978AFA0} = {0BFE8311-11B1-49DE-98C9-3C1F6218AE11}
		{BF3D1F07-C7B7-466E-B38F-4D504795FB89} = {7419AC0A-8375-4271-A7D7-0E36309C40A3}
		{5B7D7234-D6C8-4D1F-B135-C5297D6476D8} = {845BFBCA-6E0D-4938-AA53-BE186FFDEA50}
	EndGlobalSection
	GlobalSection(ExtensibilityGlobals) = postSolution
		SolutionGuid = {6421F241-7736-4067-8020-E6F14843DC75}
	EndGlobalSection
EndGlobal
